
Microsoft Visual Studio Solution File, Format Version 12.00
# Visual Studio Version 16
VisualStudioVersion = 16.0.30413.136
MinimumVisualStudioVersion = 10.0.40219.1
Project("{FAE04EC0-301F-11D3-BF4B-00C04F79EFBC}") = "Orokles", "Orokles\Orokles.csproj", "{7338EF02-5AC7-48C5-99F8-F7B78736C7AB}"
EndProject
Global
	GlobalSection(SolutionConfigurationPlatforms) = preSolution
		Debug|Any CPU = Debug|Any CPU
		Release|Any CPU = Release|Any CPU
	EndGlobalSection
	GlobalSection(ProjectConfigurationPlatforms) = postSolution
		{7338EF02-5AC7-48C5-99F8-F7B78736C7AB}.Debug|Any CPU.ActiveCfg = Debug|Any CPU
		{7338EF02-5AC7-48C5-99F8-F7B78736C7AB}.Debug|Any CPU.Build.0 = Debug|Any CPU
		{7338EF02-5AC7-48C5-99F8-F7B78736C7AB}.Release|Any CPU.ActiveCfg = Release|Any CPU
		{7338EF02-5AC7-48C5-99F8-F7B78736C7AB}.Release|Any CPU.Build.0 = Release|Any CPU
	EndGlobalSection
	GlobalSection(SolutionProperties) = preSolution
		HideSolutionNode = FALSE
	EndGlobalSection
	GlobalSection(ExtensibilityGlobals) = postSolution
		SolutionGuid = {D0432E96-77F4-495D-870A-2A639A6DDA83}
	EndGlobalSection
EndGlobal
